
Microsoft Visual Studio Solution File, Format Version 12.00
# Visual Studio Version 16
VisualStudioVersion = 16.0.30011.22
MinimumVisualStudioVersion = 10.0.40219.1
Project("{FAE04EC0-301F-11D3-BF4B-00C04F79EFBC}") = "AiFormsPractice.Android", "AiFormsPractice\AiFormsPractice.Android\AiFormsPractice.Android.csproj", "{D97DE562-3EB0-4891-8919-98817E210E81}"
EndProject
Project("{FAE04EC0-301F-11D3-BF4B-00C04F79EFBC}") = "AiFormsPractice.iOS", "AiFormsPractice\AiFormsPractice.iOS\AiFormsPractice.iOS.csproj", "{71CFDAE8-38FD-4CCB-BE74-2A64C8BAAF0D}"
EndProject
Project("{FAE04EC0-301F-11D3-BF4B-00C04F79EFBC}") = "AiFormsPractice", "AiFormsPractice\AiFormsPractice\AiFormsPractice.csproj", "{6D896EBE-72B0-4AA8-A664-0269993AB11A}"
EndProject
Global
	GlobalSection(SolutionConfigurationPlatforms) = preSolution
		Debug|Any CPU = Debug|Any CPU
		Debug|iPhone = Debug|iPhone
		Debug|iPhoneSimulator = Debug|iPhoneSimulator
		Release|Any CPU = Release|Any CPU
		Release|iPhone = Release|iPhone
		Release|iPhoneSimulator = Release|iPhoneSimulator
	EndGlobalSection
	GlobalSection(ProjectConfigurationPlatforms) = postSolution
		{D97DE562-3EB0-4891-8919-98817E210E81}.Debug|Any CPU.ActiveCfg = Debug|Any CPU
		{D97DE562-3EB0-4891-8919-98817E210E81}.Debug|Any CPU.Build.0 = Debug|Any CPU
		{D97DE562-3EB0-4891-8919-98817E210E81}.Debug|Any CPU.Deploy.0 = Debug|Any CPU
		{D97DE562-3EB0-4891-8919-98817E210E81}.Debug|iPhone.ActiveCfg = Debug|Any CPU
		{D97DE562-3EB0-4891-8919-98817E210E81}.Debug|iPhone.Build.0 = Debug|Any CPU
		{D97DE562-3EB0-4891-8919-98817E210E81}.Debug|iPhone.Deploy.0 = Debug|Any CPU
		{D97DE562-3EB0-4891-8919-98817E210E81}.Debug|iPhoneSimulator.ActiveCfg = Debug|Any CPU
		{D97DE562-3EB0-4891-8919-98817E210E81}.Debug|iPhoneSimulator.Build.0 = Debug|Any CPU
		{D97DE562-3EB0-4891-8919-98817E210E81}.Debug|iPhoneSimulator.Deploy.0 = Debug|Any CPU
		{D97DE562-3EB0-4891-8919-98817E210E81}.Release|Any CPU.ActiveCfg = Release|Any CPU
		{D97DE562-3EB0-4891-8919-98817E210E81}.Release|Any CPU.Build.0 = Release|Any CPU
		{D97DE562-3EB0-4891-8919-98817E210E81}.Release|Any CPU.Deploy.0 = Release|Any CPU
		{D97DE562-3EB0-4891-8919-98817E210E81}.Release|iPhone.ActiveCfg = Release|Any CPU
		{D97DE562-3EB0-4891-8919-98817E210E81}.Release|iPhone.Build.0 = Release|Any CPU
		{D97DE562-3EB0-4891-8919-98817E210E81}.Release|iPhone.Deploy.0 = Release|Any CPU
		{D97DE562-3EB0-4891-8919-98817E210E81}.Release|iPhoneSimulator.ActiveCfg = Release|Any CPU
		{D97DE562-3EB0-4891-8919-98817E210E81}.Release|iPhoneSimulator.Build.0 = Release|Any CPU
		{D97DE562-3EB0-4891-8919-98817E210E81}.Release|iPhoneSimulator.Deploy.0 = Release|Any CPU
		{71CFDAE8-38FD-4CCB-BE74-2A64C8BAAF0D}.Debug|Any CPU.ActiveCfg = Debug|iPhone
		{71CFDAE8-38FD-4CCB-BE74-2A64C8BAAF0D}.Debug|Any CPU.Build.0 = Debug|iPhone
		{71CFDAE8-38FD-4CCB-BE74-2A64C8BAAF0D}.Debug|Any CPU.Deploy.0 = Debug|iPhone
		{71CFDAE8-38FD-4CCB-BE74-2A64C8BAAF0D}.Debug|iPhone.ActiveCfg = Debug|iPhone
		{71CFDAE8-38FD-4CCB-BE74-2A64C8BAAF0D}.Debug|iPhone.Build.0 = Debug|iPhone
		{71CFDAE8-38FD-4CCB-BE74-2A64C8BAAF0D}.Debug|iPhone.Deploy.0 = Debug|iPhone
		{71CFDAE8-38FD-4CCB-BE74-2A64C8BAAF0D}.Debug|iPhoneSimulator.ActiveCfg = Debug|iPhoneSimulator
		{71CFDAE8-38FD-4CCB-BE74-2A64C8BAAF0D}.Debug|iPhoneSimulator.Build.0 = Debug|iPhoneSimulator
		{71CFDAE8-38FD-4CCB-BE74-2A64C8BAAF0D}.Debug|iPhoneSimulator.Deploy.0 = Debug|iPhoneSimulator
		{71CFDAE8-38FD-4CCB-BE74-2A64C8BAAF0D}.Release|Any CPU.ActiveCfg = Release|iPhone
		{71CFDAE8-38FD-4CCB-BE74-2A64C8BAAF0D}.Release|Any CPU.Build.0 = Release|iPhone
		{71CFDAE8-38FD-4CCB-BE74-2A64C8BAAF0D}.Release|Any CPU.Deploy.0 = Release|iPhone
		{71CFDAE8-38FD-4CCB-BE74-2A64C8BAAF0D}.Release|iPhone.ActiveCfg = Release|iPhone
		{71CFDAE8-38FD-4CCB-BE74-2A64C8BAAF0D}.Release|iPhone.Build.0 = Release|iPhone
		{71CFDAE8-38FD-4CCB-BE74-2A64C8BAAF0D}.Release|iPhone.Deploy.0 = Release|iPhone
		{71CFDAE8-38FD-4CCB-BE74-2A64C8BAAF0D}.Release|iPhoneSimulator.ActiveCfg = Release|iPhoneSimulator
		{71CFDAE8-38FD-4CCB-BE74-2A64C8BAAF0D}.Release|iPhoneSimulator.Build.0 = Release|iPhoneSimulator
		{71CFDAE8-38FD-4CCB-BE74-2A64C8BAAF0D}.Release|iPhoneSimulator.Deploy.0 = Release|iPhoneSimulator
		{6D896EBE-72B0-4AA8-A664-0269993AB11A}.Debug|Any CPU.ActiveCfg = Debug|Any CPU
		{6D896EBE-72B0-4AA8-A664-0269993AB11A}.Debug|Any CPU.Build.0 = Debug|Any CPU
		{6D896EBE-72B0-4AA8-A664-0269993AB11A}.Debug|Any CPU.Deploy.0 = Debug|Any CPU
		{6D896EBE-72B0-4AA8-A664-0269993AB11A}.Debug|iPhone.ActiveCfg = Debug|Any CPU
		{6D896EBE-72B0-4AA8-A664-0269993AB11A}.Debug|iPhone.Build.0 = Debug|Any CPU
		{6D896EBE-72B0-4AA8-A664-0269993AB11A}.Debug|iPhone.Deploy.0 = Debug|Any CPU
		{6D896EBE-72B0-4AA8-A664-0269993AB11A}.Debug|iPhoneSimulator.ActiveCfg = Debug|Any CPU
		{6D896EBE-72B0-4AA8-A664-0269993AB11A}.Debug|iPhoneSimulator.Build.0 = Debug|Any CPU
		{6D896EBE-72B0-4AA8-A664-0269993AB11A}.Debug|iPhoneSimulator.Deploy.0 = Debug|Any CPU
		{6D896EBE-72B0-4AA8-A664-0269993AB11A}.Release|Any CPU.ActiveCfg = Release|Any CPU
		{6D896EBE-72B0-4AA8-A664-0269993AB11A}.Release|Any CPU.Build.0 = Release|Any CPU
		{6D896EBE-72B0-4AA8-A664-0269993AB11A}.Release|Any CPU.Deploy.0 = Release|Any CPU
		{6D896EBE-72B0-4AA8-A664-0269993AB11A}.Release|iPhone.ActiveCfg = Release|Any CPU
		{6D896EBE-72B0-4AA8-A664-0269993AB11A}.Release|iPhone.Build.0 = Release|Any CPU
		{6D896EBE-72B0-4AA8-A664-0269993AB11A}.Release|iPhone.Deploy.0 = Release|Any CPU
		{6D896EBE-72B0-4AA8-A664-0269993AB11A}.Release|iPhoneSimulator.ActiveCfg = Release|Any CPU
		{6D896EBE-72B0-4AA8-A664-0269993AB11A}.Release|iPhoneSimulator.Build.0 = Release|Any CPU
		{6D896EBE-72B0-4AA8-A664-0269993AB11A}.Release|iPhoneSimulator.Deploy.0 = Release|Any CPU
	EndGlobalSection
	GlobalSection(SolutionProperties) = preSolution
		HideSolutionNode = FALSE
	EndGlobalSection
	GlobalSection(ExtensibilityGlobals) = postSolution
		SolutionGuid = {0D80C1C1-EB25-4F18-A997-4A6227419F0A}
	EndGlobalSection
EndGlobal
